// !$*UTF8*$!
{
	archiveVersion = 1;
	classes = {
	};
	objectVersion = 46;
	objects = {

/* Begin PBXBuildFile section */
		D230840A18EC3A9E00EE8691 /* Foundation.framework in Frameworks */ = {isa = PBXBuildFile; fileRef = D230840918EC3A9E00EE8691 /* Foundation.framework */; };
		D230840C18EC3A9E00EE8691 /* CoreGraphics.framework in Frameworks */ = {isa = PBXBuildFile; fileRef = D230840B18EC3A9E00EE8691 /* CoreGraphics.framework */; };
		D230840E18EC3A9E00EE8691 /* UIKit.framework in Frameworks */ = {isa = PBXBuildFile; fileRef = D230840D18EC3A9E00EE8691 /* UIKit.framework */; };
		D230841418EC3A9E00EE8691 /* InfoPlist.strings in Resources */ = {isa = PBXBuildFile; fileRef = D230841218EC3A9E00EE8691 /* InfoPlist.strings */; };
		D230841618EC3A9E00EE8691 /* main.m in Sources */ = {isa = PBXBuildFile; fileRef = D230841518EC3A9E00EE8691 /* main.m */; };
		D230841A18EC3A9E00EE8691 /* AppDelegate.m in Sources */ = {isa = PBXBuildFile; fileRef = D230841918EC3A9E00EE8691 /* AppDelegate.m */; };
		D230841D18EC3A9E00EE8691 /* Main.storyboard in Resources */ = {isa = PBXBuildFile; fileRef = D230841B18EC3A9E00EE8691 /* Main.storyboard */; };
		D230842018EC3A9E00EE8691 /* ViewController.m in Sources */ = {isa = PBXBuildFile; fileRef = D230841F18EC3A9E00EE8691 /* ViewController.m */; };
		D230842218EC3A9E00EE8691 /* Images.xcassets in Resources */ = {isa = PBXBuildFile; fileRef = D230842118EC3A9E00EE8691 /* Images.xcassets */; };
		D230842918EC3A9E00EE8691 /* XCTest.framework in Frameworks */ = {isa = PBXBuildFile; fileRef = D230842818EC3A9E00EE8691 /* XCTest.framework */; };
		D230842A18EC3A9E00EE8691 /* Foundation.framework in Frameworks */ = {isa = PBXBuildFile; fileRef = D230840918EC3A9E00EE8691 /* Foundation.framework */; };
		D230842B18EC3A9E00EE8691 /* UIKit.framework in Frameworks */ = {isa = PBXBuildFile; fileRef = D230840D18EC3A9E00EE8691 /* UIKit.framework */; };
		D230843318EC3A9E00EE8691 /* InfoPlist.strings in Resources */ = {isa = PBXBuildFile; fileRef = D230843118EC3A9E00EE8691 /* InfoPlist.strings */; };
		D230843518EC3A9E00EE8691 /* TableSearch2014Tests.m in Sources */ = {isa = PBXBuildFile; fileRef = D230843418EC3A9E00EE8691 /* TableSearch2014Tests.m */; };
/* End PBXBuildFile section */

/* Begin PBXContainerItemProxy section */
		D230842C18EC3A9E00EE8691 /* PBXContainerItemProxy */ = {
			isa = PBXContainerItemProxy;
			containerPortal = D23083FE18EC3A9E00EE8691 /* Project object */;
			proxyType = 1;
			remoteGlobalIDString = D230840518EC3A9E00EE8691;
			remoteInfo = TableSearch2014;
		};
/* End PBXContainerItemProxy section */

/* Begin PBXFileReference section */
		D230840618EC3A9E00EE8691 /* TableSearch2014.app */ = {isa = PBXFileReference; explicitFileType = wrapper.application; includeInIndex = 0; path = TableSearch2014.app; sourceTree = BUILT_PRODUCTS_DIR; };
		D230840918EC3A9E00EE8691 /* Foundation.framework */ = {isa = PBXFileReference; lastKnownFileType = wrapper.framework; name = Foundation.framework; path = System/Library/Frameworks/Foundation.framework; sourceTree = SDKROOT; };
		D230840B18EC3A9E00EE8691 /* CoreGraphics.framework */ = {isa = PBXFileReference; lastKnownFileType = wrapper.framework; name = CoreGraphics.framework; path = System/Library/Frameworks/CoreGraphics.framework; sourceTree = SDKROOT; };
		D230840D18EC3A9E00EE8691 /* UIKit.framework */ = {isa = PBXFileReference; lastKnownFileType = wrapper.framework; name = UIKit.framework; path = System/Library/Frameworks/UIKit.framework; sourceTree = SDKROOT; };
		D230841118EC3A9E00EE8691 /* TableSearch2014-Info.plist */ = {isa = PBXFileReference; lastKnownFileType = text.plist.xml; path = "TableSearch2014-Info.plist"; sourceTree = "<group>"; };
		D230841318EC3A9E00EE8691 /* en */ = {isa = PBXFileReference; lastKnownFileType = text.plist.strings; name = en; path = en.lproj/InfoPlist.strings; sourceTree = "<group>"; };
		D230841518EC3A9E00EE8691 /* main.m */ = {isa = PBXFileReference; lastKnownFileType = sourcecode.c.objc; path = main.m; sourceTree = "<group>"; };
		D230841718EC3A9E00EE8691 /* TableSearch2014-Prefix.pch */ = {isa = PBXFileReference; lastKnownFileType = sourcecode.c.h; path = "TableSearch2014-Prefix.pch"; sourceTree = "<group>"; };
		D230841818EC3A9E00EE8691 /* AppDelegate.h */ = {isa = PBXFileReference; lastKnownFileType = sourcecode.c.h; path = AppDelegate.h; sourceTree = "<group>"; };
		D230841918EC3A9E00EE8691 /* AppDelegate.m */ = {isa = PBXFileReference; lastKnownFileType = sourcecode.c.objc; path = AppDelegate.m; sourceTree = "<group>"; };
		D230841C18EC3A9E00EE8691 /* Base */ = {isa = PBXFileReference; lastKnownFileType = file.storyboard; name = Base; path = Base.lproj/Main.storyboard; sourceTree = "<group>"; };
		D230841E18EC3A9E00EE8691 /* ViewController.h */ = {isa = PBXFileReference; lastKnownFileType = sourcecode.c.h; path = ViewController.h; sourceTree = "<group>"; };
		D230841F18EC3A9E00EE8691 /* ViewController.m */ = {isa = PBXFileReference; lastKnownFileType = sourcecode.c.objc; path = ViewController.m; sourceTree = "<group>"; };
		D230842118EC3A9E00EE8691 /* Images.xcassets */ = {isa = PBXFileReference; lastKnownFileType = folder.assetcatalog; path = Images.xcassets; sourceTree = "<group>"; };
		D230842718EC3A9E00EE8691 /* TableSearch2014Tests.xctest */ = {isa = PBXFileReference; explicitFileType = wrapper.cfbundle; includeInIndex = 0; path = TableSearch2014Tests.xctest; sourceTree = BUILT_PRODUCTS_DIR; };
		D230842818EC3A9E00EE8691 /* XCTest.framework */ = {isa = PBXFileReference; lastKnownFileType = wrapper.framework; name = XCTest.framework; path = Library/Frameworks/XCTest.framework; sourceTree = DEVELOPER_DIR; };
		D230843018EC3A9E00EE8691 /* TableSearch2014Tests-Info.plist */ = {isa = PBXFileReference; lastKnownFileType = text.plist.xml; path = "TableSearch2014Tests-Info.plist"; sourceTree = "<group>"; };
		D230843218EC3A9E00EE8691 /* en */ = {isa = PBXFileReference; lastKnownFileType = text.plist.strings; name = en; path = en.lproj/InfoPlist.strings; sourceTree = "<group>"; };
		D230843418EC3A9E00EE8691 /* TableSearch2014Tests.m */ = {isa = PBXFileReference; lastKnownFileType = sourcecode.c.objc; path = TableSearch2014Tests.m; sourceTree = "<group>"; };
/* End PBXFileReference section */

/* Begin PBXFrameworksBuildPhase section */
		D230840318EC3A9E00EE8691 /* Frameworks */ = {
			isa = PBXFrameworksBuildPhase;
			buildActionMask = 2147483647;
			files = (
				D230840C18EC3A9E00EE8691 /* CoreGraphics.framework in Frameworks */,
				D230840E18EC3A9E00EE8691 /* UIKit.framework in Frameworks */,
				D230840A18EC3A9E00EE8691 /* Foundation.framework in Frameworks */,
			);
			runOnlyForDeploymentPostprocessing = 0;
		};
		D230842418EC3A9E00EE8691 /* Frameworks */ = {
			isa = PBXFrameworksBuildPhase;
			buildActionMask = 2147483647;
			files = (
				D230842918EC3A9E00EE8691 /* XCTest.framework in Frameworks */,
				D230842B18EC3A9E00EE8691 /* UIKit.framework in Frameworks */,
				D230842A18EC3A9E00EE8691 /* Foundation.framework in Frameworks */,
			);
			runOnlyForDeploymentPostprocessing = 0;
		};
/* End PBXFrameworksBuildPhase section */

/* Begin PBXGroup section */
		D23083FD18EC3A9E00EE8691 = {
			isa = PBXGroup;
			children = (
				D230840F18EC3A9E00EE8691 /* TableSearch2014 */,
				D230842E18EC3A9E00EE8691 /* TableSearch2014Tests */,
				D230840818EC3A9E00EE8691 /* Frameworks */,
				D230840718EC3A9E00EE8691 /* Products */,
			);
			sourceTree = "<group>";
		};
		D230840718EC3A9E00EE8691 /* Products */ = {
			isa = PBXGroup;
			children = (
				D230840618EC3A9E00EE8691 /* TableSearch2014.app */,
				D230842718EC3A9E00EE8691 /* TableSearch2014Tests.xctest */,
			);
			name = Products;
			sourceTree = "<group>";
		};
		D230840818EC3A9E00EE8691 /* Frameworks */ = {
			isa = PBXGroup;
			children = (
				D230840918EC3A9E00EE8691 /* Foundation.framework */,
				D230840B18EC3A9E00EE8691 /* CoreGraphics.framework */,
				D230840D18EC3A9E00EE8691 /* UIKit.framework */,
				D230842818EC3A9E00EE8691 /* XCTest.framework */,
			);
			name = Frameworks;
			sourceTree = "<group>";
		};
		D230840F18EC3A9E00EE8691 /* TableSearch2014 */ = {
			isa = PBXGroup;
			children = (
				D230841818EC3A9E00EE8691 /* AppDelegate.h */,
				D230841918EC3A9E00EE8691 /* AppDelegate.m */,
				D230841B18EC3A9E00EE8691 /* Main.storyboard */,
				D230841E18EC3A9E00EE8691 /* ViewController.h */,
				D230841F18EC3A9E00EE8691 /* ViewController.m */,
				D230842118EC3A9E00EE8691 /* Images.xcassets */,
				D230841018EC3A9E00EE8691 /* Supporting Files */,
			);
			path = TableSearch2014;
			sourceTree = "<group>";
		};
		D230841018EC3A9E00EE8691 /* Supporting Files */ = {
			isa = PBXGroup;
			children = (
				D230841118EC3A9E00EE8691 /* TableSearch2014-Info.plist */,
				D230841218EC3A9E00EE8691 /* InfoPlist.strings */,
				D230841518EC3A9E00EE8691 /* main.m */,
				D230841718EC3A9E00EE8691 /* TableSearch2014-Prefix.pch */,
			);
			name = "Supporting Files";
			sourceTree = "<group>";
		};
		D230842E18EC3A9E00EE8691 /* TableSearch2014Tests */ = {
			isa = PBXGroup;
			children = (
				D230843418EC3A9E00EE8691 /* TableSearch2014Tests.m */,
				D230842F18EC3A9E00EE8691 /* Supporting Files */,
			);
			path = TableSearch2014Tests;
			sourceTree = "<group>";
		};
		D230842F18EC3A9E00EE8691 /* Supporting Files */ = {
			isa = PBXGroup;
			children = (
				D230843018EC3A9E00EE8691 /* TableSearch2014Tests-Info.plist */,
				D230843118EC3A9E00EE8691 /* InfoPlist.strings */,
			);
			name = "Supporting Files";
			sourceTree = "<group>";
		};
/* End PBXGroup section */

/* Begin PBXNativeTarget section */
		D230840518EC3A9E00EE8691 /* TableSearch2014 */ = {
			isa = PBXNativeTarget;
			buildConfigurationList = D230843818EC3A9E00EE8691 /* Build configuration list for PBXNativeTarget "TableSearch2014" */;
			buildPhases = (
				D230840218EC3A9E00EE8691 /* Sources */,
				D230840318EC3A9E00EE8691 /* Frameworks */,
				D230840418EC3A9E00EE8691 /* Resources */,
			);
			buildRules = (
			);
			dependencies = (
			);
			name = TableSearch2014;
			productName = TableSearch2014;
			productReference = D230840618EC3A9E00EE8691 /* TableSearch2014.app */;
			productType = "com.apple.product-type.application";
		};
		D230842618EC3A9E00EE8691 /* TableSearch2014Tests */ = {
			isa = PBXNativeTarget;
			buildConfigurationList = D230843B18EC3A9E00EE8691 /* Build configuration list for PBXNativeTarget "TableSearch2014Tests" */;
			buildPhases = (
				D230842318EC3A9E00EE8691 /* Sources */,
				D230842418EC3A9E00EE8691 /* Frameworks */,
				D230842518EC3A9E00EE8691 /* Resources */,
			);
			buildRules = (
			);
			dependencies = (
				D230842D18EC3A9E00EE8691 /* PBXTargetDependency */,
			);
			name = TableSearch2014Tests;
			productName = TableSearch2014Tests;
			productReference = D230842718EC3A9E00EE8691 /* TableSearch2014Tests.xctest */;
			productType = "com.apple.product-type.bundle.unit-test";
		};
/* End PBXNativeTarget section */

/* Begin PBXProject section */
		D23083FE18EC3A9E00EE8691 /* Project object */ = {
			isa = PBXProject;
			attributes = {
				LastUpgradeCheck = 0510;
				ORGANIZATIONNAME = "Pinkstone Pictures LLC";
				TargetAttributes = {
					D230842618EC3A9E00EE8691 = {
						TestTargetID = D230840518EC3A9E00EE8691;
					};
				};
			};
			buildConfigurationList = D230840118EC3A9E00EE8691 /* Build configuration list for PBXProject "TableSearch2014" */;
			compatibilityVersion = "Xcode 3.2";
			developmentRegion = English;
			hasScannedForEncodings = 0;
			knownRegions = (
				en,
				Base,
			);
			mainGroup = D23083FD18EC3A9E00EE8691;
			productRefGroup = D230840718EC3A9E00EE8691 /* Products */;
			projectDirPath = "";
			projectRoot = "";
			targets = (
				D230840518EC3A9E00EE8691 /* TableSearch2014 */,
				D230842618EC3A9E00EE8691 /* TableSearch2014Tests */,
			);
		};
/* End PBXProject section */

/* Begin PBXResourcesBuildPhase section */
		D230840418EC3A9E00EE8691 /* Resources */ = {
			isa = PBXResourcesBuildPhase;
			buildActionMask = 2147483647;
			files = (
				D230842218EC3A9E00EE8691 /* Images.xcassets in Resources */,
				D230841418EC3A9E00EE8691 /* InfoPlist.strings in Resources */,
				D230841D18EC3A9E00EE8691 /* Main.storyboard in Resources */,
			);
			runOnlyForDeploymentPostprocessing = 0;
		};
		D230842518EC3A9E00EE8691 /* Resources */ = {
			isa = PBXResourcesBuildPhase;
			buildActionMask = 2147483647;
			files = (
				D230843318EC3A9E00EE8691 /* InfoPlist.strings in Resources */,
			);
			runOnlyForDeploymentPostprocessing = 0;
		};
/* End PBXResourcesBuildPhase section */

/* Begin PBXSourcesBuildPhase section */
		D230840218EC3A9E00EE8691 /* Sources */ = {
			isa = PBXSourcesBuildPhase;
			buildActionMask = 2147483647;
			files = (
				D230842018EC3A9E00EE8691 /* ViewController.m in Sources */,
				D230841A18EC3A9E00EE8691 /* AppDelegate.m in Sources */,
				D230841618EC3A9E00EE8691 /* main.m in Sources */,
			);
			runOnlyForDeploymentPostprocessing = 0;
		};
		D230842318EC3A9E00EE8691 /* Sources */ = {
			isa = PBXSourcesBuildPhase;
			buildActionMask = 2147483647;
			files = (
				D230843518EC3A9E00EE8691 /* TableSearch2014Tests.m in Sources */,
			);
			runOnlyForDeploymentPostprocessing = 0;
		};
/* End PBXSourcesBuildPhase section */

/* Begin PBXTargetDependency section */
		D230842D18EC3A9E00EE8691 /* PBXTargetDependency */ = {
			isa = PBXTargetDependency;
			target = D230840518EC3A9E00EE8691 /* TableSearch2014 */;
			targetProxy = D230842C18EC3A9E00EE8691 /* PBXContainerItemProxy */;
		};
/* End PBXTargetDependency section */

/* Begin PBXVariantGroup section */
		D230841218EC3A9E00EE8691 /* InfoPlist.strings */ = {
			isa = PBXVariantGroup;
			children = (
				D230841318EC3A9E00EE8691 /* en */,
			);
			name = InfoPlist.strings;
			sourceTree = "<group>";
		};
		D230841B18EC3A9E00EE8691 /* Main.storyboard */ = {
			isa = PBXVariantGroup;
			children = (
				D230841C18EC3A9E00EE8691 /* Base */,
			);
			name = Main.storyboard;
			sourceTree = "<group>";
		};
		D230843118EC3A9E00EE8691 /* InfoPlist.strings */ = {
			isa = PBXVariantGroup;
			children = (
				D230843218EC3A9E00EE8691 /* en */,
			);
			name = InfoPlist.strings;
			sourceTree = "<group>";
		};
/* End PBXVariantGroup section */

/* Begin XCBuildConfiguration section */
		D230843618EC3A9E00EE8691 /* Debug */ = {
			isa = XCBuildConfiguration;
			buildSettings = {
				ALWAYS_SEARCH_USER_PATHS = NO;
				CLANG_CXX_LANGUAGE_STANDARD = "gnu++0x";
				CLANG_CXX_LIBRARY = "libc++";
				CLANG_ENABLE_MODULES = YES;
				CLANG_ENABLE_OBJC_ARC = YES;
				CLANG_WARN_BOOL_CONVERSION = YES;
				CLANG_WARN_CONSTANT_CONVERSION = YES;
				CLANG_WARN_DIRECT_OBJC_ISA_USAGE = YES_ERROR;
				CLANG_WARN_EMPTY_BODY = YES;
				CLANG_WARN_ENUM_CONVERSION = YES;
				CLANG_WARN_INT_CONVERSION = YES;
				CLANG_WARN_OBJC_ROOT_CLASS = YES_ERROR;
				CLANG_WARN__DUPLICATE_METHOD_MATCH = YES;
				"CODE_SIGN_IDENTITY[sdk=iphoneos*]" = "iPhone Developer";
				COPY_PHASE_STRIP = NO;
				GCC_C_LANGUAGE_STANDARD = gnu99;
				GCC_DYNAMIC_NO_PIC = NO;
				GCC_OPTIMIZATION_LEVEL = 0;
				GCC_PREPROCESSOR_DEFINITIONS = (
					"DEBUG=1",
					"$(inherited)",
				);
				GCC_SYMBOLS_PRIVATE_EXTERN = NO;
				GCC_WARN_64_TO_32_BIT_CONVERSION = YES;
				GCC_WARN_ABOUT_RETURN_TYPE = YES_ERROR;
				GCC_WARN_UNDECLARED_SELECTOR = YES;
				GCC_WARN_UNINITIALIZED_AUTOS = YES_AGGRESSIVE;
				GCC_WARN_UNUSED_FUNCTION = YES;
				GCC_WARN_UNUSED_VARIABLE = YES;
				IPHONEOS_DEPLOYMENT_TARGET = 7.1;
				ONLY_ACTIVE_ARCH = YES;
				SDKROOT = iphoneos;
			};
			name = Debug;
		};
		D230843718EC3A9E00EE8691 /* Release */ = {
			isa = XCBuildConfiguration;
			buildSettings = {
				ALWAYS_SEARCH_USER_PATHS = NO;
				CLANG_CXX_LANGUAGE_STANDARD = "gnu++0x";
				CLANG_CXX_LIBRARY = "libc++";
				CLANG_ENABLE_MODULES = YES;
				CLANG_ENABLE_OBJC_ARC = YES;
				CLANG_WARN_BOOL_CONVERSION = YES;
				CLANG_WARN_CONSTANT_CONVERSION = YES;
				CLANG_WARN_DIRECT_OBJC_ISA_USAGE = YES_ERROR;
				CLANG_WARN_EMPTY_BODY = YES;
				CLANG_WARN_ENUM_CONVERSION = YES;
				CLANG_WARN_INT_CONVERSION = YES;
				CLANG_WARN_OBJC_ROOT_CLASS = YES_ERROR;
				CLANG_WARN__DUPLICATE_METHOD_MATCH = YES;
				"CODE_SIGN_IDENTITY[sdk=iphoneos*]" = "iPhone Developer";
				COPY_PHASE_STRIP = YES;
				ENABLE_NS_ASSERTIONS = NO;
				GCC_C_LANGUAGE_STANDARD = gnu99;
				GCC_WARN_64_TO_32_BIT_CONVERSION = YES;
				GCC_WARN_ABOUT_RETURN_TYPE = YES_ERROR;
				GCC_WARN_UNDECLARED_SELECTOR = YES;
				GCC_WARN_UNINITIALIZED_AUTOS = YES_AGGRESSIVE;
				GCC_WARN_UNUSED_FUNCTION = YES;
				GCC_WARN_UNUSED_VARIABLE = YES;
				IPHONEOS_DEPLOYMENT_TARGET = 7.1;
				SDKROOT = iphoneos;
				VALIDATE_PRODUCT = YES;
			};
			name = Release;
		};
		D230843918EC3A9E00EE8691 /* Debug */ = {
			isa = XCBuildConfiguration;
			buildSettings = {
				ASSETCATALOG_COMPILER_APPICON_NAME = AppIcon;
				ASSETCATALOG_COMPILER_LAUNCHIMAGE_NAME = LaunchImage;
				GCC_PRECOMPILE_PREFIX_HEADER = YES;
				GCC_PREFIX_HEADER = "TableSearch2014/TableSearch2014-Prefix.pch";
				INFOPLIST_FILE = "TableSearch2014/TableSearch2014-Info.plist";
				PRODUCT_NAME = "$(TARGET_NAME)";
				WRAPPER_EXTENSION = app;
			};
			name = Debug;
		};
		D230843A18EC3A9E00EE8691 /* Release */ = {
			isa = XCBuildConfiguration;
			buildSettings = {
				ASSETCATALOG_COMPILER_APPICON_NAME = AppIcon;
				ASSETCATALOG_COMPILER_LAUNCHIMAGE_NAME = LaunchImage;
				GCC_PRECOMPILE_PREFIX_HEADER = YES;
				GCC_PREFIX_HEADER = "TableSearch2014/TableSearch2014-Prefix.pch";
				INFOPLIST_FILE = "TableSearch2014/TableSearch2014-Info.plist";
				PRODUCT_NAME = "$(TARGET_NAME)";
				WRAPPER_EXTENSION = app;
			};
			name = Release;
		};
		D230843C18EC3A9E00EE8691 /* Debug */ = {
			isa = XCBuildConfiguration;
			buildSettings = {
				BUNDLE_LOADER = "$(BUILT_PRODUCTS_DIR)/TableSearch2014.app/TableSearch2014";
				FRAMEWORK_SEARCH_PATHS = (
					"$(SDKROOT)/Developer/Library/Frameworks",
					"$(inherited)",
					"$(DEVELOPER_FRAMEWORKS_DIR)",
				);
				GCC_PRECOMPILE_PREFIX_HEADER = YES;
				GCC_PREFIX_HEADER = "TableSearch2014/TableSearch2014-Prefix.pch";
				GCC_PREPROCESSOR_DEFINITIONS = (
					"DEBUG=1",
					"$(inherited)",
				);
				INFOPLIST_FILE = "TableSearch2014Tests/TableSearch2014Tests-Info.plist";
				PRODUCT_NAME = "$(TARGET_NAME)";
				TEST_HOST = "$(BUNDLE_LOADER)";
				WRAPPER_EXTENSION = xctest;
			};
			name = Debug;
		};
		D230843D18EC3A9E00EE8691 /* Release */ = {
			isa = XCBuildConfiguration;
			buildSettings = {
				BUNDLE_LOADER = "$(BUILT_PRODUCTS_DIR)/TableSearch2014.app/TableSearch2014";
				FRAMEWORK_SEARCH_PATHS = (
					"$(SDKROOT)/Developer/Library/Frameworks",
					"$(inherited)",
					"$(DEVELOPER_FRAMEWORKS_DIR)",
				);
				GCC_PRECOMPILE_PREFIX_HEADER = YES;
				GCC_PREFIX_HEADER = "TableSearch2014/TableSearch2014-Prefix.pch";
				INFOPLIST_FILE = "TableSearch2014Tests/TableSearch2014Tests-Info.plist";
				PRODUCT_NAME = "$(TARGET_NAME)";
				TEST_HOST = "$(BUNDLE_LOADER)";
				WRAPPER_EXTENSION = xctest;
			};
			name = Release;
		};
/* End XCBuildConfiguration section */

/* Begin XCConfigurationList section */
		D230840118EC3A9E00EE8691 /* Build configuration list for PBXProject "TableSearch2014" */ = {
			isa = XCConfigurationList;
			buildConfigurations = (
				D230843618EC3A9E00EE8691 /* Debug */,
				D230843718EC3A9E00EE8691 /* Release */,
			);
			defaultConfigurationIsVisible = 0;
			defaultConfigurationName = Release;
		};
		D230843818EC3A9E00EE8691 /* Build configuration list for PBXNativeTarget "TableSearch2014" */ = {
			isa = XCConfigurationList;
			buildConfigurations = (
				D230843918EC3A9E00EE8691 /* Debug */,
				D230843A18EC3A9E00EE8691 /* Release */,
			);
			defaultConfigurationIsVisible = 0;
		};
		D230843B18EC3A9E00EE8691 /* Build configuration list for PBXNativeTarget "TableSearch2014Tests" */ = {
			isa = XCConfigurationList;
			buildConfigurations = (
				D230843C18EC3A9E00EE8691 /* Debug */,
				D230843D18EC3A9E00EE8691 /* Release */,
			);
			defaultConfigurationIsVisible = 0;
		};
/* End XCConfigurationList section */
	};
	rootObject = D23083FE18EC3A9E00EE8691 /* Project object */;
}
